
Microsoft Visual Studio Solution File, Format Version 12.00
# Visual Studio 15
VisualStudioVersion = 15.0.27428.2015
MinimumVisualStudioVersion = 10.0.40219.1
Project("{FAE04EC0-301F-11D3-BF4B-00C04F79EFBC}") = "ECommerce", "ECommerce\ECommerce.csproj", "{B263B863-5293-48AE-BB21-E612F8848600}"
EndProject
Project("{FAE04EC0-301F-11D3-BF4B-00C04F79EFBC}") = "ECommerce.LIB", "ECommerce.LIB\ECommerce.LIB.csproj", "{D624D65C-03E9-49CB-946C-C22318981821}"
EndProject
Project("{FAE04EC0-301F-11D3-BF4B-00C04F79EFBC}") = "ECommerceWebsite", "ECommerceWebsite\ECommerceWebsite.csproj", "{4B2CCB42-240B-4B9F-BC01-18467936EDBE}"
EndProject
Global
	GlobalSection(SolutionConfigurationPlatforms) = preSolution
		Debug|Any CPU = Debug|Any CPU
		Release|Any CPU = Release|Any CPU
	EndGlobalSection
	GlobalSection(ProjectConfigurationPlatforms) = postSolution
		{B263B863-5293-48AE-BB21-E612F8848600}.Debug|Any CPU.ActiveCfg = Debug|Any CPU
		{B263B863-5293-48AE-BB21-E612F8848600}.Debug|Any CPU.Build.0 = Debug|Any CPU
		{B263B863-5293-48AE-BB21-E612F8848600}.Release|Any CPU.ActiveCfg = Release|Any CPU
		{B263B863-5293-48AE-BB21-E612F8848600}.Release|Any CPU.Build.0 = Release|Any CPU
		{D624D65C-03E9-49CB-946C-C22318981821}.Debug|Any CPU.ActiveCfg = Debug|Any CPU
		{D624D65C-03E9-49CB-946C-C22318981821}.Debug|Any CPU.Build.0 = Debug|Any CPU
		{D624D65C-03E9-49CB-946C-C22318981821}.Release|Any CPU.ActiveCfg = Release|Any CPU
		{D624D65C-03E9-49CB-946C-C22318981821}.Release|Any CPU.Build.0 = Release|Any CPU
		{4B2CCB42-240B-4B9F-BC01-18467936EDBE}.Debug|Any CPU.ActiveCfg = Debug|Any CPU
		{4B2CCB42-240B-4B9F-BC01-18467936EDBE}.Debug|Any CPU.Build.0 = Debug|Any CPU
		{4B2CCB42-240B-4B9F-BC01-18467936EDBE}.Release|Any CPU.ActiveCfg = Release|Any CPU
		{4B2CCB42-240B-4B9F-BC01-18467936EDBE}.Release|Any CPU.Build.0 = Release|Any CPU
	EndGlobalSection
	GlobalSection(SolutionProperties) = preSolution
		HideSolutionNode = FALSE
	EndGlobalSection
	GlobalSection(ExtensibilityGlobals) = postSolution
		SolutionGuid = {B9627002-2AA3-4916-BF91-31990D7A471E}
	EndGlobalSection
EndGlobal
